
Microsoft Visual Studio Solution File, Format Version 12.00
# Visual Studio Version 18
VisualStudioVersion = 18.0.11222.15 d18.0
MinimumVisualStudioVersion = 10.0.40219.1
Project("{9092AA53-FB77-4645-B42D-1CCCA6BD08BD}") = "lib_utilities", "lib_utilities\lib_utilities.njsproj", "{7779B8AB-4267-4D74-870C-9202104213AB}"
EndProject
Project("{2150E333-8FDC-42A3-9474-1A3956D46DE8}") = "9. UNIT TESTS", "9. UNIT TESTS", "{8197E1E4-7C45-4EDF-AD76-EA66FD1761C2}"
EndProject
Project("{2150E333-8FDC-42A3-9474-1A3956D46DE8}") = "8. DATABASES", "8. DATABASES", "{CE4BA1E9-C8BC-4AF9-9487-10196258465F}"
EndProject
Project("{2150E333-8FDC-42A3-9474-1A3956D46DE8}") = "7. UTILITIES", "7. UTILITIES", "{2BBD4106-601A-4787-A002-C2420390B3BC}"
EndProject
Project("{2150E333-8FDC-42A3-9474-1A3956D46DE8}") = "6. INFRASTRUCTURE", "6. INFRASTRUCTURE", "{2AF63357-B546-4679-A340-521254DA2553}"
EndProject
Project("{2150E333-8FDC-42A3-9474-1A3956D46DE8}") = "5. DATA", "5. DATA", "{1DA472B1-BA18-4549-BF18-450028EC29EE}"
EndProject
Project("{2150E333-8FDC-42A3-9474-1A3956D46DE8}") = "4. DOMAIN", "4. DOMAIN", "{69B41DC5-E5BB-498D-9E98-B9011EE5AC85}"
EndProject
Project("{2150E333-8FDC-42A3-9474-1A3956D46DE8}") = "3. APPLICATIONS", "3. APPLICATIONS", "{10459389-F833-4A99-BA63-538D815F5BC1}"
EndProject
Project("{2150E333-8FDC-42A3-9474-1A3956D46DE8}") = "2. SERVICES", "2. SERVICES", "{061B1DBC-47D3-4F64-832F-293324471C40}"
EndProject
Project("{2150E333-8FDC-42A3-9474-1A3956D46DE8}") = "1. PRESENTATIONS", "1. PRESENTATIONS", "{100C4DA9-2D9C-4B9A-B879-69B30684D8E8}"
EndProject
Project("{2150E333-8FDC-42A3-9474-1A3956D46DE8}") = "1.1 Presentation.Core", "1.1 Presentation.Core", "{AAD4D977-EEED-4B87-BC0B-9CDB7689778E}"
EndProject
Project("{2150E333-8FDC-42A3-9474-1A3956D46DE8}") = "1.2 Presentation", "1.2 Presentation", "{B14B8A23-9B8B-4453-AB69-4DE9AE03D309}"
EndProject
Project("{2150E333-8FDC-42A3-9474-1A3956D46DE8}") = "1.3 Communications", "1.3 Communications", "{F4DC5EAE-563F-4945-BF88-FC70A62D46AA}"
EndProject
Project("{2150E333-8FDC-42A3-9474-1A3956D46DE8}") = "2.1 Core", "2.1 Core", "{63D22872-B15E-41BF-B517-603D52E3CF6F}"
EndProject
Project("{2150E333-8FDC-42A3-9474-1A3956D46DE8}") = "2.2.1 Web.Services", "2.2.1 Web.Services", "{D5061912-7CF2-496E-9B90-E3B1E3CDCFF6}"
EndProject
Project("{00D1A9C2-B5F0-4AF3-8072-F6C62B433612}") = "db_persons", "db_persons\db_persons.sqlproj", "{45F5CD21-77F5-4FF3-B1FE-3D723127E990}"
EndProject
Project("{9092AA53-FB77-4645-B42D-1CCCA6BD08BD}") = "lib_infrastructure", "lib_infrastructure\lib_infrastructure.njsproj", "{EAB2E3E2-EFFB-4644-B699-4C85E03CD9B3}"
EndProject
Project("{9092AA53-FB77-4645-B42D-1CCCA6BD08BD}") = "lib_domain_entities", "lib_domain_entities\lib_domain_entities.njsproj", "{3F68E987-533D-4E92-B718-10EE4522C803}"
EndProject
Project("{9092AA53-FB77-4645-B42D-1CCCA6BD08BD}") = "lib_domain_context", "lib_domain_context\lib_domain_context.njsproj", "{C9CF6EC5-2498-4C28-8574-5FF8D02B2240}"
EndProject
Project("{9092AA53-FB77-4645-B42D-1CCCA6BD08BD}") = "lib_application_context", "lib_application_context\lib_application_context.njsproj", "{F03A6208-1021-4889-B24B-AB01B4AE6C3C}"
EndProject
Project("{9092AA53-FB77-4645-B42D-1CCCA6BD08BD}") = "lib_application_core", "lib_application_core\lib_application_core.njsproj", "{CB8B6502-DC2C-4B1E-9577-4C326DBD9D24}"
EndProject
Project("{9092AA53-FB77-4645-B42D-1CCCA6BD08BD}") = "lib_data_context", "lib_data_context\lib_data_context.njsproj", "{185FE30C-7932-4C85-957C-53503B271D9F}"
EndProject
Project("{9092AA53-FB77-4645-B42D-1CCCA6BD08BD}") = "lib_data_core", "lib_data_core\lib_data_core.njsproj", "{2CC5626D-8F20-4FD0-866A-F5EAD76B5291}"
EndProject
Project("{9092AA53-FB77-4645-B42D-1CCCA6BD08BD}") = "lib_service_core", "lib_service_core\lib_service_core.njsproj", "{4507CBB8-54F6-4839-9D23-D9F7C8E3D92A}"
EndProject
Project("{9092AA53-FB77-4645-B42D-1CCCA6BD08BD}") = "srw_persons", "srw_persons\srw_persons.njsproj", "{D56ABC4E-1571-444F-BAFE-54AB1088EA59}"
EndProject
Project("{2150E333-8FDC-42A3-9474-1A3956D46DE8}") = "Solution Items", "Solution Items", "{BBAB43E9-8D66-4597-9DF6-ED3366E1CBC5}"
	ProjectSection(SolutionItems) = preProject
		README.md = README.md
	EndProjectSection
EndProject
Global
	GlobalSection(SolutionConfigurationPlatforms) = preSolution
		Debug|Any CPU = Debug|Any CPU
		Release|Any CPU = Release|Any CPU
	EndGlobalSection
	GlobalSection(ProjectConfigurationPlatforms) = postSolution
		{7779B8AB-4267-4D74-870C-9202104213AB}.Debug|Any CPU.ActiveCfg = Debug|Any CPU
		{7779B8AB-4267-4D74-870C-9202104213AB}.Debug|Any CPU.Build.0 = Debug|Any CPU
		{7779B8AB-4267-4D74-870C-9202104213AB}.Release|Any CPU.ActiveCfg = Release|Any CPU
		{7779B8AB-4267-4D74-870C-9202104213AB}.Release|Any CPU.Build.0 = Release|Any CPU
		{45F5CD21-77F5-4FF3-B1FE-3D723127E990}.Debug|Any CPU.ActiveCfg = Debug|Any CPU
		{45F5CD21-77F5-4FF3-B1FE-3D723127E990}.Debug|Any CPU.Build.0 = Debug|Any CPU
		{45F5CD21-77F5-4FF3-B1FE-3D723127E990}.Debug|Any CPU.Deploy.0 = Debug|Any CPU
		{45F5CD21-77F5-4FF3-B1FE-3D723127E990}.Release|Any CPU.ActiveCfg = Release|Any CPU
		{45F5CD21-77F5-4FF3-B1FE-3D723127E990}.Release|Any CPU.Build.0 = Release|Any CPU
		{45F5CD21-77F5-4FF3-B1FE-3D723127E990}.Release|Any CPU.Deploy.0 = Release|Any CPU
		{EAB2E3E2-EFFB-4644-B699-4C85E03CD9B3}.Debug|Any CPU.ActiveCfg = Debug|Any CPU
		{EAB2E3E2-EFFB-4644-B699-4C85E03CD9B3}.Debug|Any CPU.Build.0 = Debug|Any CPU
		{EAB2E3E2-EFFB-4644-B699-4C85E03CD9B3}.Release|Any CPU.ActiveCfg = Release|Any CPU
		{EAB2E3E2-EFFB-4644-B699-4C85E03CD9B3}.Release|Any CPU.Build.0 = Release|Any CPU
		{3F68E987-533D-4E92-B718-10EE4522C803}.Debug|Any CPU.ActiveCfg = Debug|Any CPU
		{3F68E987-533D-4E92-B718-10EE4522C803}.Debug|Any CPU.Build.0 = Debug|Any CPU
		{3F68E987-533D-4E92-B718-10EE4522C803}.Release|Any CPU.ActiveCfg = Release|Any CPU
		{3F68E987-533D-4E92-B718-10EE4522C803}.Release|Any CPU.Build.0 = Release|Any CPU
		{C9CF6EC5-2498-4C28-8574-5FF8D02B2240}.Debug|Any CPU.ActiveCfg = Debug|Any CPU
		{C9CF6EC5-2498-4C28-8574-5FF8D02B2240}.Debug|Any CPU.Build.0 = Debug|Any CPU
		{C9CF6EC5-2498-4C28-8574-5FF8D02B2240}.Release|Any CPU.ActiveCfg = Release|Any CPU
		{C9CF6EC5-2498-4C28-8574-5FF8D02B2240}.Release|Any CPU.Build.0 = Release|Any CPU
		{F03A6208-1021-4889-B24B-AB01B4AE6C3C}.Debug|Any CPU.ActiveCfg = Debug|Any CPU
		{F03A6208-1021-4889-B24B-AB01B4AE6C3C}.Debug|Any CPU.Build.0 = Debug|Any CPU
		{F03A6208-1021-4889-B24B-AB01B4AE6C3C}.Release|Any CPU.ActiveCfg = Release|Any CPU
		{F03A6208-1021-4889-B24B-AB01B4AE6C3C}.Release|Any CPU.Build.0 = Release|Any CPU
		{CB8B6502-DC2C-4B1E-9577-4C326DBD9D24}.Debug|Any CPU.ActiveCfg = Debug|Any CPU
		{CB8B6502-DC2C-4B1E-9577-4C326DBD9D24}.Debug|Any CPU.Build.0 = Debug|Any CPU
		{CB8B6502-DC2C-4B1E-9577-4C326DBD9D24}.Release|Any CPU.ActiveCfg = Release|Any CPU
		{CB8B6502-DC2C-4B1E-9577-4C326DBD9D24}.Release|Any CPU.Build.0 = Release|Any CPU
		{185FE30C-7932-4C85-957C-53503B271D9F}.Debug|Any CPU.ActiveCfg = Debug|Any CPU
		{185FE30C-7932-4C85-957C-53503B271D9F}.Debug|Any CPU.Build.0 = Debug|Any CPU
		{185FE30C-7932-4C85-957C-53503B271D9F}.Release|Any CPU.ActiveCfg = Release|Any CPU
		{185FE30C-7932-4C85-957C-53503B271D9F}.Release|Any CPU.Build.0 = Release|Any CPU
		{2CC5626D-8F20-4FD0-866A-F5EAD76B5291}.Debug|Any CPU.ActiveCfg = Debug|Any CPU
		{2CC5626D-8F20-4FD0-866A-F5EAD76B5291}.Debug|Any CPU.Build.0 = Debug|Any CPU
		{2CC5626D-8F20-4FD0-866A-F5EAD76B5291}.Release|Any CPU.ActiveCfg = Release|Any CPU
		{2CC5626D-8F20-4FD0-866A-F5EAD76B5291}.Release|Any CPU.Build.0 = Release|Any CPU
		{4507CBB8-54F6-4839-9D23-D9F7C8E3D92A}.Debug|Any CPU.ActiveCfg = Debug|Any CPU
		{4507CBB8-54F6-4839-9D23-D9F7C8E3D92A}.Debug|Any CPU.Build.0 = Debug|Any CPU
		{4507CBB8-54F6-4839-9D23-D9F7C8E3D92A}.Release|Any CPU.ActiveCfg = Release|Any CPU
		{4507CBB8-54F6-4839-9D23-D9F7C8E3D92A}.Release|Any CPU.Build.0 = Release|Any CPU
		{D56ABC4E-1571-444F-BAFE-54AB1088EA59}.Debug|Any CPU.ActiveCfg = Debug|Any CPU
		{D56ABC4E-1571-444F-BAFE-54AB1088EA59}.Debug|Any CPU.Build.0 = Debug|Any CPU
		{D56ABC4E-1571-444F-BAFE-54AB1088EA59}.Release|Any CPU.ActiveCfg = Release|Any CPU
		{D56ABC4E-1571-444F-BAFE-54AB1088EA59}.Release|Any CPU.Build.0 = Release|Any CPU
	EndGlobalSection
	GlobalSection(SolutionProperties) = preSolution
		HideSolutionNode = FALSE
	EndGlobalSection
	GlobalSection(NestedProjects) = preSolution
		{7779B8AB-4267-4D74-870C-9202104213AB} = {2BBD4106-601A-4787-A002-C2420390B3BC}
		{AAD4D977-EEED-4B87-BC0B-9CDB7689778E} = {100C4DA9-2D9C-4B9A-B879-69B30684D8E8}
		{B14B8A23-9B8B-4453-AB69-4DE9AE03D309} = {100C4DA9-2D9C-4B9A-B879-69B30684D8E8}
		{F4DC5EAE-563F-4945-BF88-FC70A62D46AA} = {100C4DA9-2D9C-4B9A-B879-69B30684D8E8}
		{63D22872-B15E-41BF-B517-603D52E3CF6F} = {061B1DBC-47D3-4F64-832F-293324471C40}
		{D5061912-7CF2-496E-9B90-E3B1E3CDCFF6} = {061B1DBC-47D3-4F64-832F-293324471C40}
		{45F5CD21-77F5-4FF3-B1FE-3D723127E990} = {CE4BA1E9-C8BC-4AF9-9487-10196258465F}
		{EAB2E3E2-EFFB-4644-B699-4C85E03CD9B3} = {2AF63357-B546-4679-A340-521254DA2553}
		{3F68E987-533D-4E92-B718-10EE4522C803} = {69B41DC5-E5BB-498D-9E98-B9011EE5AC85}
		{C9CF6EC5-2498-4C28-8574-5FF8D02B2240} = {69B41DC5-E5BB-498D-9E98-B9011EE5AC85}
		{F03A6208-1021-4889-B24B-AB01B4AE6C3C} = {10459389-F833-4A99-BA63-538D815F5BC1}
		{CB8B6502-DC2C-4B1E-9577-4C326DBD9D24} = {10459389-F833-4A99-BA63-538D815F5BC1}
		{185FE30C-7932-4C85-957C-53503B271D9F} = {1DA472B1-BA18-4549-BF18-450028EC29EE}
		{2CC5626D-8F20-4FD0-866A-F5EAD76B5291} = {1DA472B1-BA18-4549-BF18-450028EC29EE}
		{4507CBB8-54F6-4839-9D23-D9F7C8E3D92A} = {63D22872-B15E-41BF-B517-603D52E3CF6F}
		{D56ABC4E-1571-444F-BAFE-54AB1088EA59} = {D5061912-7CF2-496E-9B90-E3B1E3CDCFF6}
	EndGlobalSection
	GlobalSection(ExtensibilityGlobals) = postSolution
		SolutionGuid = {DA02726A-E8C5-4D2D-8594-53BC92643A70}
	EndGlobalSection
EndGlobal
