{
  "name": "lib_data_core",
  "version": "0.0.0",
  "lockfileVersion": 2,
  "requires": true,
  "packages": {
    "": {
      "name": "lib_data_core",
      "version": "0.0.0",
      "dependencies": {
        "lib_domain_context": "^0.0.0",
        "lib_utilities": "^0.0.0"
      },
      "devDependencies": {}
    },
    "../lib_domain_context": {
      "version": "0.0.0"
    },
    "../lib_utilities": {
      "version": "0.0.0",
      "devDependencies": {
        "@types/node": "^14.14.7"
      }
    },
    "../lib_utilities/node_modules/@types/node": {
      "version": "14.18.33",
      "dev": true,
      "license": "MIT"
    },
    "node_modules/lib_domain_context": {
      "resolved": "../lib_domain_context",
      "link": true
    },
    "node_modules/lib_utilities": {
      "resolved": "../lib_utilities",
      "link": true
    }
  },
  "dependencies": {
    "lib_domain_context": {
      "version": "file:../lib_domain_context"
    },
    "lib_utilities": {
      "version": "file:../lib_utilities",
      "requires": {
        "@types/node": "^14.14.7"
      },
      "dependencies": {
        "@types/node": {
          "version": "14.18.33",
          "dev": true
        }
      }
    }
  }
}
