{
  "name": "lib_service_core",
  "version": "0.0.0",
  "lockfileVersion": 2,
  "requires": true,
  "packages": {
    "": {
      "name": "lib_service_core",
      "version": "0.0.0",
      "dependencies": {
        "lib_domain_context": "^0.0.0"
      },
      "devDependencies": {}
    },
    "../lib_domain_context": {
      "version": "0.0.0"
    },
    "node_modules/lib_domain_context": {
      "resolved": "../lib_domain_context",
      "link": true
    }
  },
  "dependencies": {
    "lib_domain_context": {
      "version": "file:../lib_domain_context"
    }
  }
}
